{
  "requires": true,
  "lockfileVersion": 1,
  "dependencies": {
    "@floating-ui/core": {
      "version": "1.6.9",
      "resolved": "https://registry.npmjs.org/@floating-ui/core/-/core-1.6.9.tgz",
      "integrity": "sha512-uMXCuQ3BItDUbAMhIXw7UPXRfAlOAvZzdK9BWpE60MCn+Svt3aLn9jsPTi/WNGlRUu2uI0v5S7JiIUsbsvh3fw==",
      "requires": {
        "@floating-ui/utils": "^0.2.9"
      }
    },
    "@floating-ui/dom": {
      "version": "1.6.13",
      "resolved": "https://registry.npmjs.org/@floating-ui/dom/-/dom-1.6.13.tgz",
      "integrity": "sha512-umqzocjDgNRGTuO7Q8CU32dkHkECqI8ZdMZ5Swb6QAM0t5rnlrN3lGo1hdpscRd3WS8T6DKYK4ephgIH9iRh3w==",
      "requires": {
        "@floating-ui/core": "^1.6.0",
        "@floating-ui/utils": "^0.2.9"
      }
    },
    "@floating-ui/utils": {
      "version": "0.2.9",
      "resolved": "https://registry.npmjs.org/@floating-ui/utils/-/utils-0.2.9.tgz",
      "integrity": "sha512-MDWhGtE+eHw5JW7lq4qhc5yRLS11ERl1c7Z6Xd0a58DozHES6EnNNwUWbMiG4J9Cgj053Bhk8zvlhFYKVhULwg=="
    },
    "@olton/animation": {
      "version": "0.3.0",
      "resolved": "https://registry.npmjs.org/@olton/animation/-/animation-0.3.0.tgz",
      "integrity": "sha512-HHvoPIAn17tQcsTKjlpvPEYKJwFjHNbqjTIyJ8nne5ezqtFjI2NVB5KLiK6wYKpQZu79VDCTNfiRfqf4S9haSA=="
    },
    "@olton/datetime": {
      "version": "3.2.2",
      "resolved": "https://registry.npmjs.org/@olton/datetime/-/datetime-3.2.2.tgz",
      "integrity": "sha512-xchzEz5XpX2HZXpjYLExsENq6qT95eATLo9Di7IhbkdrrP7qNR0MijeEvapBLQeqZhNMh52QGtCdMo3ucKH8OQ=="
    },
    "@olton/farbe": {
      "version": "1.0.4",
      "resolved": "https://registry.npmjs.org/@olton/farbe/-/farbe-1.0.4.tgz",
      "integrity": "sha512-/0mc/BZ2WwHoNC1bifPOgoDY8Zhssz1TNlC0YYS4i4OmpCECHM6s8S93HD+yBIbOV7pV0IT+pzCgvAR/FzpTlw=="
    },
    "@olton/guardian": {
      "version": "0.5.2",
      "resolved": "https://registry.npmjs.org/@olton/guardian/-/guardian-0.5.2.tgz",
      "integrity": "sha512-DXQm8GGytKjdFKQxzMNUysH++4hl18c4eNJ2NkURaABGea+7f+YDZq08bvseGxx4ZnzG8zVO4EljaVRbsjniPQ==",
      "requires": {
        "esbuild-plugin-replace": "^1.4.0"
      }
    },
    "@olton/hooks": {
      "version": "0.10.0",
      "resolved": "https://registry.npmjs.org/@olton/hooks/-/hooks-0.10.0.tgz",
      "integrity": "sha512-cndbjfR/FLJHRGvVObE5eLgB3vy+cpMDYfhPk65EAJURQsKEidu+hFYtvjjbRLGzjxNVAsASbcg4ECREpSFU4Q=="
    },
    "@olton/html": {
      "version": "0.11.0",
      "resolved": "https://registry.npmjs.org/@olton/html/-/html-0.11.0.tgz",
      "integrity": "sha512-KXxKelDLSZouetBlh6S1zOBZT6AaRXgjB0WNvL5JTiYqfXXvY4vokrbcbSniI72rQgR35QTfmT1sIdS5r5txfw=="
    },
    "@olton/metroui": {
      "version": "5.0.13",
      "resolved": "https://registry.npmjs.org/@olton/metroui/-/metroui-5.0.13.tgz",
      "integrity": "sha512-X+px3z+IgJINB6q+nqQixLOt1GWB6b5ac2n5zuUhzt1/x1xQuGSC7A3Q3ZtiRu+Ib2Vd2hTNZm8fy0704tictQ==",
      "requires": {
        "@olton/animation": "^0.3.0",
        "@olton/datetime": "^3.0.5",
        "@olton/farbe": "^1.0.4",
        "@olton/guardian": "^0.5.1",
        "@olton/hooks": "^0.10.0",
        "@olton/html": "^0.11.0",
        "@olton/string": "^0.5.0",
        "m4q": "^3.1.1"
      }
    },
    "@olton/string": {
      "version": "0.5.0",
      "resolved": "https://registry.npmjs.org/@olton/string/-/string-0.5.0.tgz",
      "integrity": "sha512-enVgbndTE1/1C+FqD8gWW0SRFLy7ZMyLiiN1+ivnKCXxNBMIdE2lZ6nhdsPKA+BYf2ciRfDAwLIG2tB58oOY6A=="
    },
    "@thednp/event-listener": {
      "version": "2.0.8",
      "resolved": "https://registry.npmjs.org/@thednp/event-listener/-/event-listener-2.0.8.tgz",
      "integrity": "sha512-bZY04sWSn2YWAqcuY/fYy03ynARYHwn8xzYgdqqcHBXsBXhOc+bbWwHyLwW28XAA2NjzjMPZZAM3N5D09i+zEQ=="
    },
    "@thednp/position-observer": {
      "version": "1.0.7",
      "resolved": "https://registry.npmjs.org/@thednp/position-observer/-/position-observer-1.0.7.tgz",
      "integrity": "sha512-MkUAMMgqZPxy71hpcrKr9ZtedMk+oIFbFs5B8uKD857iuYKRJxgJtC1Itus14EEM4qMyeN0x47AUZJmZJQyXbQ==",
      "requires": {
        "@thednp/shorty": "^2.0.10"
      }
    },
    "@thednp/shorty": {
      "version": "2.0.10",
      "resolved": "https://registry.npmjs.org/@thednp/shorty/-/shorty-2.0.10.tgz",
      "integrity": "sha512-H+hs1lw3Yc1NfwG0b7F7YmVjxQZ31NO2+6zx+I+9XabHxdwPKjvYJnkKKXr7bSItgm2AFrfOn5+3veB6W4iauw=="
    },
    "autoprefixer": {
      "version": "10.4.21",
      "resolved": "https://registry.npmjs.org/autoprefixer/-/autoprefixer-10.4.21.tgz",
      "integrity": "sha512-O+A6LWV5LDHSJD3LjHYoNi4VLsj/Whi7k6zG12xTYaU4cQ8oxQGckXNX8cRHK5yOZ/ppVHe0ZBXGzSV9jXdVbQ==",
      "requires": {
        "browserslist": "^4.24.4",
        "caniuse-lite": "^1.0.30001702",
        "fraction.js": "^4.3.7",
        "normalize-range": "^0.1.2",
        "picocolors": "^1.1.1",
        "postcss-value-parser": "^4.2.0"
      }
    },
    "bootstrap": {
      "version": "5.3.3",
      "resolved": "https://registry.npmjs.org/bootstrap/-/bootstrap-5.3.3.tgz",
      "integrity": "sha512-8HLCdWgyoMguSO9o+aH+iuZ+aht+mzW0u3HIMzVu7Srrpv7EBBxTnrFlSCskwdY1+EOFQSm7uMJhNQHkdPcmjg=="
    },
    "bootstrap.native": {
      "version": "5.1.2",
      "resolved": "https://registry.npmjs.org/bootstrap.native/-/bootstrap.native-5.1.2.tgz",
      "integrity": "sha512-jkXzWs1EopckMT5FIc2CS9PsGloOfmHqyC4dHv3nVC5gpnOFoJPVDpUCKsoMta46SBh46g312BI3aWth0zkRDw==",
      "requires": {
        "@thednp/event-listener": "^2.0.8",
        "@thednp/position-observer": "^1.0.7",
        "@thednp/shorty": "^2.0.10"
      }
    },
    "browserslist": {
      "version": "4.24.4",
      "resolved": "https://registry.npmjs.org/browserslist/-/browserslist-4.24.4.tgz",
      "integrity": "sha512-KDi1Ny1gSePi1vm0q4oxSF8b4DR44GF4BbmS2YdhPLOEqd8pDviZOGH/GsmRwoWJ2+5Lr085X7naowMwKHDG1A==",
      "requires": {
        "caniuse-lite": "^1.0.30001688",
        "electron-to-chromium": "^1.5.73",
        "node-releases": "^2.0.19",
        "update-browserslist-db": "^1.1.1"
      }
    },
    "caniuse-lite": {
      "version": "1.0.30001707",
      "resolved": "https://registry.npmjs.org/caniuse-lite/-/caniuse-lite-1.0.30001707.tgz",
      "integrity": "sha512-3qtRjw/HQSMlDWf+X79N206fepf4SOOU6SQLMaq/0KkZLmSjPxAkBOQQ+FxbHKfHmYLZFfdWsO3KA90ceHPSnw=="
    },
    "electron-to-chromium": {
      "version": "1.5.129",
      "resolved": "https://registry.npmjs.org/electron-to-chromium/-/electron-to-chromium-1.5.129.tgz",
      "integrity": "sha512-JlXUemX4s0+9f8mLqib/bHH8gOHf5elKS6KeWG3sk3xozb/JTq/RLXIv8OKUWiK4Ah00Wm88EFj5PYkFr4RUPA=="
    },
    "esbuild-plugin-replace": {
      "version": "1.4.0",
      "resolved": "https://registry.npmjs.org/esbuild-plugin-replace/-/esbuild-plugin-replace-1.4.0.tgz",
      "integrity": "sha512-lP3ZAyzyRa5JXoOd59lJbRKNObtK8pJ/RO7o6vdjwLi71GfbL32NR22ZuS7/cLZkr10/L1lutoLma8E4DLngYg==",
      "requires": {
        "magic-string": "^0.25.7"
      }
    },
    "escalade": {
      "version": "3.2.0",
      "resolved": "https://registry.npmjs.org/escalade/-/escalade-3.2.0.tgz",
      "integrity": "sha512-WUj2qlxaQtO4g6Pq5c29GTcWGDyd8itL8zTlipgECz3JesAiiOKotd8JU6otB3PACgG6xkJUyVhboMS+bje/jA=="
    },
    "fastbootstrap": {
      "version": "2.2.0",
      "resolved": "https://registry.npmjs.org/fastbootstrap/-/fastbootstrap-2.2.0.tgz",
      "integrity": "sha512-31bJ6OaNntrUSZB4BVlO8mBJB45d7A0AxHchvdJQjp9CCK6qGx3c+byjcDqXgExXkG2miL+NW97Q6K7SWwwGWg==",
      "requires": {
        "bootstrap": "^5.3.2",
        "bootstrap.native": "^5.0.11"
      }
    },
    "flyonui": {
      "version": "2.0.1",
      "resolved": "https://registry.npmjs.org/flyonui/-/flyonui-2.0.1.tgz",
      "integrity": "sha512-jwhN1WBaO1FhwCOzwfVMfF39FN2F7borqmURxzoLIHnQG2CFt2/oa9pj6mUlw7jCzipAuDb+/qWnpUCgxDDffQ==",
      "dev": true,
      "requires": {
        "@floating-ui/dom": "^1.6.13"
      }
    },
    "fraction.js": {
      "version": "4.3.7",
      "resolved": "https://registry.npmjs.org/fraction.js/-/fraction.js-4.3.7.tgz",
      "integrity": "sha512-ZsDfxO51wGAXREY55a7la9LScWpwv9RxIrYABrlvOFBlH/ShPnrtsXeuUIfXKKOVicNxQ+o8JTbJvjS4M89yew=="
    },
    "m4q": {
      "version": "3.2.0",
      "resolved": "https://registry.npmjs.org/m4q/-/m4q-3.2.0.tgz",
      "integrity": "sha512-NLTODpRIpReQPc2VJrqJiF7X/7XcEs8shhgfNC+Yz38jp1D+thOykbDpLRfdFYulPWu08X1Kj8QRGBuEoSaiCQ==",
      "requires": {
        "web-worker": "^1.3.0"
      }
    },
    "magic-string": {
      "version": "0.25.9",
      "resolved": "https://registry.npmjs.org/magic-string/-/magic-string-0.25.9.tgz",
      "integrity": "sha512-RmF0AsMzgt25qzqqLc1+MbHmhdx0ojF2Fvs4XnOqz2ZOBXzzkEwc/dJQZCYHAn7v1jbVOjAZfK8msRn4BxO4VQ==",
      "requires": {
        "sourcemap-codec": "^1.4.8"
      }
    },
    "nanoid": {
      "version": "3.3.11",
      "resolved": "https://registry.npmjs.org/nanoid/-/nanoid-3.3.11.tgz",
      "integrity": "sha512-N8SpfPUnUp1bK+PMYW8qSWdl9U+wwNWI4QKxOYDy9JAro3WMX7p2OeVRF9v+347pnakNevPmiHhNmZ2HbFA76w=="
    },
    "node-releases": {
      "version": "2.0.19",
      "resolved": "https://registry.npmjs.org/node-releases/-/node-releases-2.0.19.tgz",
      "integrity": "sha512-xxOWJsBKtzAq7DY0J+DTzuz58K8e7sJbdgwkbMWQe8UYB6ekmsQ45q0M/tJDsGaZmbC+l7n57UV8Hl5tHxO9uw=="
    },
    "normalize-range": {
      "version": "0.1.2",
      "resolved": "https://registry.npmjs.org/normalize-range/-/normalize-range-0.1.2.tgz",
      "integrity": "sha512-bdok/XvKII3nUpklnV6P2hxtMNrCboOjAcyBuQnWEhO665FwrSNRxU+AqpsyvO6LgGYPspN+lu5CLtw4jPRKNA=="
    },
    "picocolors": {
      "version": "1.1.1",
      "resolved": "https://registry.npmjs.org/picocolors/-/picocolors-1.1.1.tgz",
      "integrity": "sha512-xceH2snhtb5M9liqDsmEw56le376mTZkEX/jEb/RxNFyegNul7eNslCXP9FDj/Lcu0X8KEyMceP2ntpaHrDEVA=="
    },
    "postcss": {
      "version": "8.5.3",
      "resolved": "https://registry.npmjs.org/postcss/-/postcss-8.5.3.tgz",
      "integrity": "sha512-dle9A3yYxlBSrt8Fu+IpjGT8SY8hN0mlaA6GY8t0P5PjIOZemULz/E2Bnm/2dcUOena75OTNkHI76uZBNUUq3A==",
      "requires": {
        "nanoid": "^3.3.8",
        "picocolors": "^1.1.1",
        "source-map-js": "^1.2.1"
      }
    },
    "postcss-value-parser": {
      "version": "4.2.0",
      "resolved": "https://registry.npmjs.org/postcss-value-parser/-/postcss-value-parser-4.2.0.tgz",
      "integrity": "sha512-1NNCs6uurfkVbeXG4S8JFT9t19m45ICnif8zWLd5oPSZ50QnwMfK+H3jv408d4jw/7Bttv5axS5IiHoLaVNHeQ=="
    },
    "source-map-js": {
      "version": "1.2.1",
      "resolved": "https://registry.npmjs.org/source-map-js/-/source-map-js-1.2.1.tgz",
      "integrity": "sha512-UXWMKhLOwVKb728IUtQPXxfYU+usdybtUrK/8uGE8CQMvrhOpwvzDBwj0QhSL7MQc7vIsISBG8VQ8+IDQxpfQA=="
    },
    "sourcemap-codec": {
      "version": "1.4.8",
      "resolved": "https://registry.npmjs.org/sourcemap-codec/-/sourcemap-codec-1.4.8.tgz",
      "integrity": "sha512-9NykojV5Uih4lgo5So5dtw+f0JgJX30KCNI8gwhz2J9A15wD0Ml6tjHKwf6fTSa6fAdVBdZeNOs9eJ71qCk8vA=="
    },
    "tailwindcss": {
      "version": "4.0.17",
      "resolved": "https://registry.npmjs.org/tailwindcss/-/tailwindcss-4.0.17.tgz",
      "integrity": "sha512-OErSiGzRa6rLiOvaipsDZvLMSpsBZ4ysB4f0VKGXUrjw2jfkJRd6kjRKV2+ZmTCNvwtvgdDam5D7w6WXsdLJZw=="
    },
    "update-browserslist-db": {
      "version": "1.1.3",
      "resolved": "https://registry.npmjs.org/update-browserslist-db/-/update-browserslist-db-1.1.3.tgz",
      "integrity": "sha512-UxhIZQ+QInVdunkDAaiazvvT/+fXL5Osr0JZlJulepYu6Jd7qJtDZjlur0emRlT71EN3ScPoE7gvsuIKKNavKw==",
      "requires": {
        "escalade": "^3.2.0",
        "picocolors": "^1.1.1"
      }
    },
    "web-worker": {
      "version": "1.5.0",
      "resolved": "https://registry.npmjs.org/web-worker/-/web-worker-1.5.0.tgz",
      "integrity": "sha512-RiMReJrTAiA+mBjGONMnjVDP2u3p9R1vkcGz6gDIrOMT3oGuYwX2WRMYI9ipkphSuE5XKEhydbhNEJh4NY9mlw=="
    }
  }
}
